
Microsoft Visual Studio Solution File, Format Version 12.00
# Visual Studio Version 17
VisualStudioVersion = 17.14.36511.14 d17.14
MinimumVisualStudioVersion = 10.0.40219.1
Project("{FAE04EC0-301F-11D3-BF4B-00C04F79EFBC}") = "Calculator", "Calculator\Calculator.csproj", "{71C094A5-237B-47C2-951E-8870AE0CC39F}"
EndProject
Global
	GlobalSection(SolutionConfigurationPlatforms) = preSolution
		Debug|Any CPU = Debug|Any CPU
		Release|Any CPU = Release|Any CPU
	EndGlobalSection
	GlobalSection(ProjectConfigurationPlatforms) = postSolution
		{71C094A5-237B-47C2-951E-8870AE0CC39F}.Debug|Any CPU.ActiveCfg = Debug|Any CPU
		{71C094A5-237B-47C2-951E-8870AE0CC39F}.Debug|Any CPU.Build.0 = Debug|Any CPU
		{71C094A5-237B-47C2-951E-8870AE0CC39F}.Release|Any CPU.ActiveCfg = Release|Any CPU
		{71C094A5-237B-47C2-951E-8870AE0CC39F}.Release|Any CPU.Build.0 = Release|Any CPU
	EndGlobalSection
	GlobalSection(SolutionProperties) = preSolution
		HideSolutionNode = FALSE
	EndGlobalSection
	GlobalSection(ExtensibilityGlobals) = postSolution
		SolutionGuid = {B0EBBECF-7452-4D6C-85B4-E4BD25EC5591}
	EndGlobalSection
EndGlobal
